// !$*UTF8*$!
{
	archiveVersion = 1;
	classes = {
	};
	objectVersion = 46;
	objects = {

/* Begin PBXBuildFile section */
		3F82D49C1E312CBE00A60E35 /* AppDelegate.swift in Sources */ = {isa = PBXBuildFile; fileRef = 3F82D49B1E312CBE00A60E35 /* AppDelegate.swift */; };
		3F82D49E1E312CBE00A60E35 /* ViewController.swift in Sources */ = {isa = PBXBuildFile; fileRef = 3F82D49D1E312CBE00A60E35 /* ViewController.swift */; };
		3F82D4A11E312CBF00A60E35 /* Main.storyboard in Resources */ = {isa = PBXBuildFile; fileRef = 3F82D49F1E312CBF00A60E35 /* Main.storyboard */; };
		3F82D4A31E312CBF00A60E35 /* Assets.xcassets in Resources */ = {isa = PBXBuildFile; fileRef = 3F82D4A21E312CBF00A60E35 /* Assets.xcassets */; };
		3F82D4A61E312CBF00A60E35 /* LaunchScreen.storyboard in Resources */ = {isa = PBXBuildFile; fileRef = 3F82D4A41E312CBF00A60E35 /* LaunchScreen.storyboard */; };
		3F82D4B11E312CBF00A60E35 /* UILongPressTests.swift in Sources */ = {isa = PBXBuildFile; fileRef = 3F82D4B01E312CBF00A60E35 /* UILongPressTests.swift */; };
		3F82D4BC1E312CBF00A60E35 /* UILongPressUITests.swift in Sources */ = {isa = PBXBuildFile; fileRef = 3F82D4BB1E312CBF00A60E35 /* UILongPressUITests.swift */; };
/* End PBXBuildFile section */

/* Begin PBXContainerItemProxy section */
		3F82D4AD1E312CBF00A60E35 /* PBXContainerItemProxy */ = {
			isa = PBXContainerItemProxy;
			containerPortal = 3F82D4901E312CBE00A60E35 /* Project object */;
			proxyType = 1;
			remoteGlobalIDString = 3F82D4971E312CBE00A60E35;
			remoteInfo = UILongPress;
		};
		3F82D4B81E312CBF00A60E35 /* PBXContainerItemProxy */ = {
			isa = PBXContainerItemProxy;
			containerPortal = 3F82D4901E312CBE00A60E35 /* Project object */;
			proxyType = 1;
			remoteGlobalIDString = 3F82D4971E312CBE00A60E35;
			remoteInfo = UILongPress;
		};
/* End PBXContainerItemProxy section */

/* Begin PBXFileReference section */
		3F82D4981E312CBE00A60E35 /* UILongPress.app */ = {isa = PBXFileReference; explicitFileType = wrapper.application; includeInIndex = 0; path = UILongPress.app; sourceTree = BUILT_PRODUCTS_DIR; };
		3F82D49B1E312CBE00A60E35 /* AppDelegate.swift */ = {isa = PBXFileReference; lastKnownFileType = sourcecode.swift; path = AppDelegate.swift; sourceTree = "<group>"; };
		3F82D49D1E312CBE00A60E35 /* ViewController.swift */ = {isa = PBXFileReference; lastKnownFileType = sourcecode.swift; path = ViewController.swift; sourceTree = "<group>"; };
		3F82D4A01E312CBF00A60E35 /* Base */ = {isa = PBXFileReference; lastKnownFileType = file.storyboard; name = Base; path = Base.lproj/Main.storyboard; sourceTree = "<group>"; };
		3F82D4A21E312CBF00A60E35 /* Assets.xcassets */ = {isa = PBXFileReference; lastKnownFileType = folder.assetcatalog; path = Assets.xcassets; sourceTree = "<group>"; };
		3F82D4A51E312CBF00A60E35 /* Base */ = {isa = PBXFileReference; lastKnownFileType = file.storyboard; name = Base; path = Base.lproj/LaunchScreen.storyboard; sourceTree = "<group>"; };
		3F82D4A71E312CBF00A60E35 /* Info.plist */ = {isa = PBXFileReference; lastKnownFileType = text.plist.xml; path = Info.plist; sourceTree = "<group>"; };
		3F82D4AC1E312CBF00A60E35 /* UILongPressTests.xctest */ = {isa = PBXFileReference; explicitFileType = wrapper.cfbundle; includeInIndex = 0; path = UILongPressTests.xctest; sourceTree = BUILT_PRODUCTS_DIR; };
		3F82D4B01E312CBF00A60E35 /* UILongPressTests.swift */ = {isa = PBXFileReference; lastKnownFileType = sourcecode.swift; path = UILongPressTests.swift; sourceTree = "<group>"; };
		3F82D4B21E312CBF00A60E35 /* Info.plist */ = {isa = PBXFileReference; lastKnownFileType = text.plist.xml; path = Info.plist; sourceTree = "<group>"; };
		3F82D4B71E312CBF00A60E35 /* UILongPressUITests.xctest */ = {isa = PBXFileReference; explicitFileType = wrapper.cfbundle; includeInIndex = 0; path = UILongPressUITests.xctest; sourceTree = BUILT_PRODUCTS_DIR; };
		3F82D4BB1E312CBF00A60E35 /* UILongPressUITests.swift */ = {isa = PBXFileReference; lastKnownFileType = sourcecode.swift; path = UILongPressUITests.swift; sourceTree = "<group>"; };
		3F82D4BD1E312CBF00A60E35 /* Info.plist */ = {isa = PBXFileReference; lastKnownFileType = text.plist.xml; path = Info.plist; sourceTree = "<group>"; };
/* End PBXFileReference section */

/* Begin PBXFrameworksBuildPhase section */
		3F82D4951E312CBE00A60E35 /* Frameworks */ = {
			isa = PBXFrameworksBuildPhase;
			buildActionMask = 2147483647;
			files = (
			);
			runOnlyForDeploymentPostprocessing = 0;
		};
		3F82D4A91E312CBF00A60E35 /* Frameworks */ = {
			isa = PBXFrameworksBuildPhase;
			buildActionMask = 2147483647;
			files = (
			);
			runOnlyForDeploymentPostprocessing = 0;
		};
		3F82D4B41E312CBF00A60E35 /* Frameworks */ = {
			isa = PBXFrameworksBuildPhase;
			buildActionMask = 2147483647;
			files = (
			);
			runOnlyForDeploymentPostprocessing = 0;
		};
/* End PBXFrameworksBuildPhase section */

/* Begin PBXGroup section */
		3F82D48F1E312CBE00A60E35 = {
			isa = PBXGroup;
			children = (
				3F82D49A1E312CBE00A60E35 /* UILongPress */,
				3F82D4AF1E312CBF00A60E35 /* UILongPressTests */,
				3F82D4BA1E312CBF00A60E35 /* UILongPressUITests */,
				3F82D4991E312CBE00A60E35 /* Products */,
			);
			sourceTree = "<group>";
		};
		3F82D4991E312CBE00A60E35 /* Products */ = {
			isa = PBXGroup;
			children = (
				3F82D4981E312CBE00A60E35 /* UILongPress.app */,
				3F82D4AC1E312CBF00A60E35 /* UILongPressTests.xctest */,
				3F82D4B71E312CBF00A60E35 /* UILongPressUITests.xctest */,
			);
			name = Products;
			sourceTree = "<group>";
		};
		3F82D49A1E312CBE00A60E35 /* UILongPress */ = {
			isa = PBXGroup;
			children = (
				3F82D49B1E312CBE00A60E35 /* AppDelegate.swift */,
				3F82D49D1E312CBE00A60E35 /* ViewController.swift */,
				3F82D49F1E312CBF00A60E35 /* Main.storyboard */,
				3F82D4A21E312CBF00A60E35 /* Assets.xcassets */,
				3F82D4A41E312CBF00A60E35 /* LaunchScreen.storyboard */,
				3F82D4A71E312CBF00A60E35 /* Info.plist */,
			);
			path = UILongPress;
			sourceTree = "<group>";
		};
		3F82D4AF1E312CBF00A60E35 /* UILongPressTests */ = {
			isa = PBXGroup;
			children = (
				3F82D4B01E312CBF00A60E35 /* UILongPressTests.swift */,
				3F82D4B21E312CBF00A60E35 /* Info.plist */,
			);
			path = UILongPressTests;
			sourceTree = "<group>";
		};
		3F82D4BA1E312CBF00A60E35 /* UILongPressUITests */ = {
			isa = PBXGroup;
			children = (
				3F82D4BB1E312CBF00A60E35 /* UILongPressUITests.swift */,
				3F82D4BD1E312CBF00A60E35 /* Info.plist */,
			);
			path = UILongPressUITests;
			sourceTree = "<group>";
		};
/* End PBXGroup section */

/* Begin PBXNativeTarget section */
		3F82D4971E312CBE00A60E35 /* UILongPress */ = {
			isa = PBXNativeTarget;
			buildConfigurationList = 3F82D4C01E312CBF00A60E35 /* Build configuration list for PBXNativeTarget "UILongPress" */;
			buildPhases = (
				3F82D4941E312CBE00A60E35 /* Sources */,
				3F82D4951E312CBE00A60E35 /* Frameworks */,
				3F82D4961E312CBE00A60E35 /* Resources */,
			);
			buildRules = (
			);
			dependencies = (
			);
			name = UILongPress;
			productName = UILongPress;
			productReference = 3F82D4981E312CBE00A60E35 /* UILongPress.app */;
			productType = "com.apple.product-type.application";
		};
		3F82D4AB1E312CBF00A60E35 /* UILongPressTests */ = {
			isa = PBXNativeTarget;
			buildConfigurationList = 3F82D4C31E312CBF00A60E35 /* Build configuration list for PBXNativeTarget "UILongPressTests" */;
			buildPhases = (
				3F82D4A81E312CBF00A60E35 /* Sources */,
				3F82D4A91E312CBF00A60E35 /* Frameworks */,
				3F82D4AA1E312CBF00A60E35 /* Resources */,
			);
			buildRules = (
			);
			dependencies = (
				3F82D4AE1E312CBF00A60E35 /* PBXTargetDependency */,
			);
			name = UILongPressTests;
			productName = UILongPressTests;
			productReference = 3F82D4AC1E312CBF00A60E35 /* UILongPressTests.xctest */;
			productType = "com.apple.product-type.bundle.unit-test";
		};
		3F82D4B61E312CBF00A60E35 /* UILongPressUITests */ = {
			isa = PBXNativeTarget;
			buildConfigurationList = 3F82D4C61E312CBF00A60E35 /* Build configuration list for PBXNativeTarget "UILongPressUITests" */;
			buildPhases = (
				3F82D4B31E312CBF00A60E35 /* Sources */,
				3F82D4B41E312CBF00A60E35 /* Frameworks */,
				3F82D4B51E312CBF00A60E35 /* Resources */,
			);
			buildRules = (
			);
			dependencies = (
				3F82D4B91E312CBF00A60E35 /* PBXTargetDependency */,
			);
			name = UILongPressUITests;
			productName = UILongPressUITests;
			productReference = 3F82D4B71E312CBF00A60E35 /* UILongPressUITests.xctest */;
			productType = "com.apple.product-type.bundle.ui-testing";
		};
/* End PBXNativeTarget section */

/* Begin PBXProject section */
		3F82D4901E312CBE00A60E35 /* Project object */ = {
			isa = PBXProject;
			attributes = {
				LastSwiftUpdateCheck = 0820;
				LastUpgradeCheck = 0820;
				ORGANIZATIONNAME = Mgroh;
				TargetAttributes = {
					3F82D4971E312CBE00A60E35 = {
						CreatedOnToolsVersion = 8.2.1;
						ProvisioningStyle = Automatic;
					};
					3F82D4AB1E312CBF00A60E35 = {
						CreatedOnToolsVersion = 8.2.1;
						ProvisioningStyle = Automatic;
						TestTargetID = 3F82D4971E312CBE00A60E35;
					};
					3F82D4B61E312CBF00A60E35 = {
						CreatedOnToolsVersion = 8.2.1;
						ProvisioningStyle = Automatic;
						TestTargetID = 3F82D4971E312CBE00A60E35;
					};
				};
			};
			buildConfigurationList = 3F82D4931E312CBE00A60E35 /* Build configuration list for PBXProject "UILongPress" */;
			compatibilityVersion = "Xcode 3.2";
			developmentRegion = English;
			hasScannedForEncodings = 0;
			knownRegions = (
				en,
				Base,
			);
			mainGroup = 3F82D48F1E312CBE00A60E35;
			productRefGroup = 3F82D4991E312CBE00A60E35 /* Products */;
			projectDirPath = "";
			projectRoot = "";
			targets = (
				3F82D4971E312CBE00A60E35 /* UILongPress */,
				3F82D4AB1E312CBF00A60E35 /* UILongPressTests */,
				3F82D4B61E312CBF00A60E35 /* UILongPressUITests */,
			);
		};
/* End PBXProject section */

/* Begin PBXResourcesBuildPhase section */
		3F82D4961E312CBE00A60E35 /* Resources */ = {
			isa = PBXResourcesBuildPhase;
			buildActionMask = 2147483647;
			files = (
				3F82D4A61E312CBF00A60E35 /* LaunchScreen.storyboard in Resources */,
				3F82D4A31E312CBF00A60E35 /* Assets.xcassets in Resources */,
				3F82D4A11E312CBF00A60E35 /* Main.storyboard in Resources */,
			);
			runOnlyForDeploymentPostprocessing = 0;
		};
		3F82D4AA1E312CBF00A60E35 /* Resources */ = {
			isa = PBXResourcesBuildPhase;
			buildActionMask = 2147483647;
			files = (
			);
			runOnlyForDeploymentPostprocessing = 0;
		};
		3F82D4B51E312CBF00A60E35 /* Resources */ = {
			isa = PBXResourcesBuildPhase;
			buildActionMask = 2147483647;
			files = (
			);
			runOnlyForDeploymentPostprocessing = 0;
		};
/* End PBXResourcesBuildPhase section */

/* Begin PBXSourcesBuildPhase section */
		3F82D4941E312CBE00A60E35 /* Sources */ = {
			isa = PBXSourcesBuildPhase;
			buildActionMask = 2147483647;
			files = (
				3F82D49E1E312CBE00A60E35 /* ViewController.swift in Sources */,
				3F82D49C1E312CBE00A60E35 /* AppDelegate.swift in Sources */,
			);
			runOnlyForDeploymentPostprocessing = 0;
		};
		3F82D4A81E312CBF00A60E35 /* Sources */ = {
			isa = PBXSourcesBuildPhase;
			buildActionMask = 2147483647;
			files = (
				3F82D4B11E312CBF00A60E35 /* UILongPressTests.swift in Sources */,
			);
			runOnlyForDeploymentPostprocessing = 0;
		};
		3F82D4B31E312CBF00A60E35 /* Sources */ = {
			isa = PBXSourcesBuildPhase;
			buildActionMask = 2147483647;
			files = (
				3F82D4BC1E312CBF00A60E35 /* UILongPressUITests.swift in Sources */,
			);
			runOnlyForDeploymentPostprocessing = 0;
		};
/* End PBXSourcesBuildPhase section */

/* Begin PBXTargetDependency section */
		3F82D4AE1E312CBF00A60E35 /* PBXTargetDependency */ = {
			isa = PBXTargetDependency;
			target = 3F82D4971E312CBE00A60E35 /* UILongPress */;
			targetProxy = 3F82D4AD1E312CBF00A60E35 /* PBXContainerItemProxy */;
		};
		3F82D4B91E312CBF00A60E35 /* PBXTargetDependency */ = {
			isa = PBXTargetDependency;
			target = 3F82D4971E312CBE00A60E35 /* UILongPress */;
			targetProxy = 3F82D4B81E312CBF00A60E35 /* PBXContainerItemProxy */;
		};
/* End PBXTargetDependency section */

/* Begin PBXVariantGroup section */
		3F82D49F1E312CBF00A60E35 /* Main.storyboard */ = {
			isa = PBXVariantGroup;
			children = (
				3F82D4A01E312CBF00A60E35 /* Base */,
			);
			name = Main.storyboard;
			sourceTree = "<group>";
		};
		3F82D4A41E312CBF00A60E35 /* LaunchScreen.storyboard */ = {
			isa = PBXVariantGroup;
			children = (
				3F82D4A51E312CBF00A60E35 /* Base */,
			);
			name = LaunchScreen.storyboard;
			sourceTree = "<group>";
		};
/* End PBXVariantGroup section */

/* Begin XCBuildConfiguration section */
		3F82D4BE1E312CBF00A60E35 /* Debug */ = {
			isa = XCBuildConfiguration;
			buildSettings = {
				ALWAYS_SEARCH_USER_PATHS = NO;
				CLANG_ANALYZER_NONNULL = YES;
				CLANG_CXX_LANGUAGE_STANDARD = "gnu++0x";
				CLANG_CXX_LIBRARY = "libc++";
				CLANG_ENABLE_MODULES = YES;
				CLANG_ENABLE_OBJC_ARC = YES;
				CLANG_WARN_BOOL_CONVERSION = YES;
				CLANG_WARN_CONSTANT_CONVERSION = YES;
				CLANG_WARN_DIRECT_OBJC_ISA_USAGE = YES_ERROR;
				CLANG_WARN_DOCUMENTATION_COMMENTS = YES;
				CLANG_WARN_EMPTY_BODY = YES;
				CLANG_WARN_ENUM_CONVERSION = YES;
				CLANG_WARN_INFINITE_RECURSION = YES;
				CLANG_WARN_INT_CONVERSION = YES;
				CLANG_WARN_OBJC_ROOT_CLASS = YES_ERROR;
				CLANG_WARN_SUSPICIOUS_MOVE = YES;
				CLANG_WARN_UNREACHABLE_CODE = YES;
				CLANG_WARN__DUPLICATE_METHOD_MATCH = YES;
				"CODE_SIGN_IDENTITY[sdk=iphoneos*]" = "iPhone Developer";
				COPY_PHASE_STRIP = NO;
				DEBUG_INFORMATION_FORMAT = dwarf;
				ENABLE_STRICT_OBJC_MSGSEND = YES;
				ENABLE_TESTABILITY = YES;
				GCC_C_LANGUAGE_STANDARD = gnu99;
				GCC_DYNAMIC_NO_PIC = NO;
				GCC_NO_COMMON_BLOCKS = YES;
				GCC_OPTIMIZATION_LEVEL = 0;
				GCC_PREPROCESSOR_DEFINITIONS = (
					"DEBUG=1",
					"$(inherited)",
				);
				GCC_WARN_64_TO_32_BIT_CONVERSION = YES;
				GCC_WARN_ABOUT_RETURN_TYPE = YES_ERROR;
				GCC_WARN_UNDECLARED_SELECTOR = YES;
				GCC_WARN_UNINITIALIZED_AUTOS = YES_AGGRESSIVE;
				GCC_WARN_UNUSED_FUNCTION = YES;
				GCC_WARN_UNUSED_VARIABLE = YES;
				IPHONEOS_DEPLOYMENT_TARGET = 10.2;
				MTL_ENABLE_DEBUG_INFO = YES;
				ONLY_ACTIVE_ARCH = YES;
				SDKROOT = iphoneos;
				SWIFT_ACTIVE_COMPILATION_CONDITIONS = DEBUG;
				SWIFT_OPTIMIZATION_LEVEL = "-Onone";
				TARGETED_DEVICE_FAMILY = "1,2";
			};
			name = Debug;
		};
		3F82D4BF1E312CBF00A60E35 /* Release */ = {
			isa = XCBuildConfiguration;
			buildSettings = {
				ALWAYS_SEARCH_USER_PATHS = NO;
				CLANG_ANALYZER_NONNULL = YES;
				CLANG_CXX_LANGUAGE_STANDARD = "gnu++0x";
				CLANG_CXX_LIBRARY = "libc++";
				CLANG_ENABLE_MODULES = YES;
				CLANG_ENABLE_OBJC_ARC = YES;
				CLANG_WARN_BOOL_CONVERSION = YES;
				CLANG_WARN_CONSTANT_CONVERSION = YES;
				CLANG_WARN_DIRECT_OBJC_ISA_USAGE = YES_ERROR;
				CLANG_WARN_DOCUMENTATION_COMMENTS = YES;
				CLANG_WARN_EMPTY_BODY = YES;
				CLANG_WARN_ENUM_CONVERSION = YES;
				CLANG_WARN_INFINITE_RECURSION = YES;
				CLANG_WARN_INT_CONVERSION = YES;
				CLANG_WARN_OBJC_ROOT_CLASS = YES_ERROR;
				CLANG_WARN_SUSPICIOUS_MOVE = YES;
				CLANG_WARN_UNREACHABLE_CODE = YES;
				CLANG_WARN__DUPLICATE_METHOD_MATCH = YES;
				"CODE_SIGN_IDENTITY[sdk=iphoneos*]" = "iPhone Developer";
				COPY_PHASE_STRIP = NO;
				DEBUG_INFORMATION_FORMAT = "dwarf-with-dsym";
				ENABLE_NS_ASSERTIONS = NO;
				ENABLE_STRICT_OBJC_MSGSEND = YES;
				GCC_C_LANGUAGE_STANDARD = gnu99;
				GCC_NO_COMMON_BLOCKS = YES;
				GCC_WARN_64_TO_32_BIT_CONVERSION = YES;
				GCC_WARN_ABOUT_RETURN_TYPE = YES_ERROR;
				GCC_WARN_UNDECLARED_SELECTOR = YES;
				GCC_WARN_UNINITIALIZED_AUTOS = YES_AGGRESSIVE;
				GCC_WARN_UNUSED_FUNCTION = YES;
				GCC_WARN_UNUSED_VARIABLE = YES;
				IPHONEOS_DEPLOYMENT_TARGET = 10.2;
				MTL_ENABLE_DEBUG_INFO = NO;
				SDKROOT = iphoneos;
				SWIFT_OPTIMIZATION_LEVEL = "-Owholemodule";
				TARGETED_DEVICE_FAMILY = "1,2";
				VALIDATE_PRODUCT = YES;
			};
			name = Release;
		};
		3F82D4C11E312CBF00A60E35 /* Debug */ = {
			isa = XCBuildConfiguration;
			buildSettings = {
				ASSETCATALOG_COMPILER_APPICON_NAME = AppIcon;
				INFOPLIST_FILE = UILongPress/Info.plist;
				LD_RUNPATH_SEARCH_PATHS = "$(inherited) @executable_path/Frameworks";
				PRODUCT_BUNDLE_IDENTIFIER = com.Groh.UILongPress;
				PRODUCT_NAME = "$(TARGET_NAME)";
				SWIFT_VERSION = 3.0;
			};
			name = Debug;
		};
		3F82D4C21E312CBF00A60E35 /* Release */ = {
			isa = XCBuildConfiguration;
			buildSettings = {
				ASSETCATALOG_COMPILER_APPICON_NAME = AppIcon;
				INFOPLIST_FILE = UILongPress/Info.plist;
				LD_RUNPATH_SEARCH_PATHS = "$(inherited) @executable_path/Frameworks";
				PRODUCT_BUNDLE_IDENTIFIER = com.Groh.UILongPress;
				PRODUCT_NAME = "$(TARGET_NAME)";
				SWIFT_VERSION = 3.0;
			};
			name = Release;
		};
		3F82D4C41E312CBF00A60E35 /* Debug */ = {
			isa = XCBuildConfiguration;
			buildSettings = {
				ALWAYS_EMBED_SWIFT_STANDARD_LIBRARIES = YES;
				BUNDLE_LOADER = "$(TEST_HOST)";
				INFOPLIST_FILE = UILongPressTests/Info.plist;
				LD_RUNPATH_SEARCH_PATHS = "$(inherited) @executable_path/Frameworks @loader_path/Frameworks";
				PRODUCT_BUNDLE_IDENTIFIER = com.Groh.UILongPressTests;
				PRODUCT_NAME = "$(TARGET_NAME)";
				SWIFT_VERSION = 3.0;
				TEST_HOST = "$(BUILT_PRODUCTS_DIR)/UILongPress.app/UILongPress";
			};
			name = Debug;
		};
		3F82D4C51E312CBF00A60E35 /* Release */ = {
			isa = XCBuildConfiguration;
			buildSettings = {
				ALWAYS_EMBED_SWIFT_STANDARD_LIBRARIES = YES;
				BUNDLE_LOADER = "$(TEST_HOST)";
				INFOPLIST_FILE = UILongPressTests/Info.plist;
				LD_RUNPATH_SEARCH_PATHS = "$(inherited) @executable_path/Frameworks @loader_path/Frameworks";
				PRODUCT_BUNDLE_IDENTIFIER = com.Groh.UILongPressTests;
				PRODUCT_NAME = "$(TARGET_NAME)";
				SWIFT_VERSION = 3.0;
				TEST_HOST = "$(BUILT_PRODUCTS_DIR)/UILongPress.app/UILongPress";
			};
			name = Release;
		};
		3F82D4C71E312CBF00A60E35 /* Debug */ = {
			isa = XCBuildConfiguration;
			buildSettings = {
				ALWAYS_EMBED_SWIFT_STANDARD_LIBRARIES = YES;
				INFOPLIST_FILE = UILongPressUITests/Info.plist;
				LD_RUNPATH_SEARCH_PATHS = "$(inherited) @executable_path/Frameworks @loader_path/Frameworks";
				PRODUCT_BUNDLE_IDENTIFIER = com.Groh.UILongPressUITests;
				PRODUCT_NAME = "$(TARGET_NAME)";
				SWIFT_VERSION = 3.0;
				TEST_TARGET_NAME = UILongPress;
			};
			name = Debug;
		};
		3F82D4C81E312CBF00A60E35 /* Release */ = {
			isa = XCBuildConfiguration;
			buildSettings = {
				ALWAYS_EMBED_SWIFT_STANDARD_LIBRARIES = YES;
				INFOPLIST_FILE = UILongPressUITests/Info.plist;
				LD_RUNPATH_SEARCH_PATHS = "$(inherited) @executable_path/Frameworks @loader_path/Frameworks";
				PRODUCT_BUNDLE_IDENTIFIER = com.Groh.UILongPressUITests;
				PRODUCT_NAME = "$(TARGET_NAME)";
				SWIFT_VERSION = 3.0;
				TEST_TARGET_NAME = UILongPress;
			};
			name = Release;
		};
/* End XCBuildConfiguration section */

/* Begin XCConfigurationList section */
		3F82D4931E312CBE00A60E35 /* Build configuration list for PBXProject "UILongPress" */ = {
			isa = XCConfigurationList;
			buildConfigurations = (
				3F82D4BE1E312CBF00A60E35 /* Debug */,
				3F82D4BF1E312CBF00A60E35 /* Release */,
			);
			defaultConfigurationIsVisible = 0;
			defaultConfigurationName = Release;
		};
		3F82D4C01E312CBF00A60E35 /* Build configuration list for PBXNativeTarget "UILongPress" */ = {
			isa = XCConfigurationList;
			buildConfigurations = (
				3F82D4C11E312CBF00A60E35 /* Debug */,
				3F82D4C21E312CBF00A60E35 /* Release */,
			);
			defaultConfigurationIsVisible = 0;
		};
		3F82D4C31E312CBF00A60E35 /* Build configuration list for PBXNativeTarget "UILongPressTests" */ = {
			isa = XCConfigurationList;
			buildConfigurations = (
				3F82D4C41E312CBF00A60E35 /* Debug */,
				3F82D4C51E312CBF00A60E35 /* Release */,
			);
			defaultConfigurationIsVisible = 0;
		};
		3F82D4C61E312CBF00A60E35 /* Build configuration list for PBXNativeTarget "UILongPressUITests" */ = {
			isa = XCConfigurationList;
			buildConfigurations = (
				3F82D4C71E312CBF00A60E35 /* Debug */,
				3F82D4C81E312CBF00A60E35 /* Release */,
			);
			defaultConfigurationIsVisible = 0;
		};
/* End XCConfigurationList section */
	};
	rootObject = 3F82D4901E312CBE00A60E35 /* Project object */;
}
